
Microsoft Visual Studio Solution File, Format Version 12.00
# Visual Studio 15
VisualStudioVersion = 15.0.26430.6
MinimumVisualStudioVersion = 10.0.40219.1
Project("{FAE04EC0-301F-11D3-BF4B-00C04F79EFBC}") = "Calculator", "Calculator\Calculator.csproj", "{BF32DC70-6AA2-4EE5-917A-A388A9230FC2}"
EndProject
Project("{FAE04EC0-301F-11D3-BF4B-00C04F79EFBC}") = "Console", "Console\Console.csproj", "{73F04CFE-D353-4774-8637-FF8E2C440DA7}"
EndProject
Global
	GlobalSection(SolutionConfigurationPlatforms) = preSolution
		Debug|Any CPU = Debug|Any CPU
		Release|Any CPU = Release|Any CPU
	EndGlobalSection
	GlobalSection(ProjectConfigurationPlatforms) = postSolution
		{BF32DC70-6AA2-4EE5-917A-A388A9230FC2}.Debug|Any CPU.ActiveCfg = Debug|Any CPU
		{BF32DC70-6AA2-4EE5-917A-A388A9230FC2}.Debug|Any CPU.Build.0 = Debug|Any CPU
		{BF32DC70-6AA2-4EE5-917A-A388A9230FC2}.Release|Any CPU.ActiveCfg = Release|Any CPU
		{BF32DC70-6AA2-4EE5-917A-A388A9230FC2}.Release|Any CPU.Build.0 = Release|Any CPU
		{73F04CFE-D353-4774-8637-FF8E2C440DA7}.Debug|Any CPU.ActiveCfg = Debug|Any CPU
		{73F04CFE-D353-4774-8637-FF8E2C440DA7}.Debug|Any CPU.Build.0 = Debug|Any CPU
		{73F04CFE-D353-4774-8637-FF8E2C440DA7}.Release|Any CPU.ActiveCfg = Release|Any CPU
		{73F04CFE-D353-4774-8637-FF8E2C440DA7}.Release|Any CPU.Build.0 = Release|Any CPU
	EndGlobalSection
	GlobalSection(SolutionProperties) = preSolution
		HideSolutionNode = FALSE
	EndGlobalSection
EndGlobal
